memo = "9d963989b50faec0d3ff53d589c0cdf60d1cd5d5382666da0e6bdd7f6198e4c0"

[[projects]]
  branch = "master"
  name = "github.com/cloudfoundry-incubator/cf-test-helpers"
  packages = ["cf","commandreporter","commandstarter","generator","helpers","helpers/internal","internal","workflowhelpers","workflowhelpers/internal"]
  revision = "473573daddfa74cde9779ac421e120f1020aa775"

[[projects]]
  branch = "master"
  name = "github.com/nu7hatch/gouuid"
  packages = ["."]
  revision = "179d4d0c4d8d407a32af483c2354df1d2c91e6c3"

[[projects]]
  name = "github.com/onsi/ginkgo"
  packages = [".","config","internal/codelocation","internal/containernode","internal/failer","internal/leafnodes","internal/remote","internal/spec","internal/spec_iterator","internal/specrunner","internal/suite","internal/testingtproxy","internal/writer","reporters","reporters/stenographer","reporters/stenographer/support/go-colorable","reporters/stenographer/support/go-isatty","types"]
  revision = "77a8c1e5c40d6bb6c5eb4dd4bdce9763564f6298"
  version = "v1.3.1"

[[projects]]
  name = "github.com/onsi/gomega"
  packages = [".","format","gbytes","gexec","internal/assertion","internal/asyncassertion","internal/oraclematcher","internal/testingtsupport","matchers","matchers/support/goraph/bipartitegraph","matchers/support/goraph/edge","matchers/support/goraph/node","matchers/support/goraph/util","types"]
  revision = "334b8f472b3af5d541c5642701c1e29e2126f486"
  version = "v1.1.0"

[[projects]]
  branch = "master"
  name = "golang.org/x/sys"
  packages = ["unix"]
  revision = "abf9c25f54453410d0c6668e519582a9e1115027"

[[projects]]
  branch = "v2"
  name = "gopkg.in/yaml.v2"
  packages = ["."]
  revision = "cd8b52f8269e0feb286dfeef29f8fe4d5b397e0b"
